
Microsoft Visual Studio Solution File, Format Version 12.00
# Visual Studio Version 17
VisualStudioVersion = 17.6.33829.357
MinimumVisualStudioVersion = 10.0.40219.1
Project("{9A19103F-16F7-4668-BE54-9A1E7A4F7556}") = "VideoGamesDB.Tabs", "Libraries\VideoGamesDB.Tabs\VideoGamesDB.Tabs.csproj", "{61EB0F1B-58EC-48A8-8C67-8A3C1436FC22}"
EndProject
Project("{2150E333-8FDC-42A3-9474-1A3956D46DE8}") = "Libraries", "Libraries", "{A2270A78-0C12-46DB-8790-4A1B698C04C8}"
EndProject
Project("{2150E333-8FDC-42A3-9474-1A3956D46DE8}") = "Programs", "Programs", "{3D23574F-A099-4C34-BF46-48A89F2A3120}"
EndProject
Project("{9A19103F-16F7-4668-BE54-9A1E7A4F7556}") = "VideoGamesDB.Start.Avalonia", "Programs\VideoGamesDB.Start.Avalonia\VideoGamesDB.Start.Avalonia.csproj", "{A2C10DA0-DEA9-469F-9DBE-07203DF82870}"
EndProject
Project("{2150E333-8FDC-42A3-9474-1A3956D46DE8}") = "Imports", "Imports", "{6E95ACC0-3C1A-433F-B1BD-3A498AC09695}"
EndProject
Project("{2150E333-8FDC-42A3-9474-1A3956D46DE8}") = "Database", "Database", "{9180288B-0488-4F66-98EC-E2D73C141B2F}"
	ProjectSection(SolutionItems) = preProject
		Imports\Database\Readme.txt = Imports\Database\Readme.txt
		Imports\Database\Video_Games_Sales_as_at_22_Dec_2016.csv = Imports\Database\Video_Games_Sales_as_at_22_Dec_2016.csv
	EndProjectSection
EndProject
Global
	GlobalSection(SolutionConfigurationPlatforms) = preSolution
		Debug|Any CPU = Debug|Any CPU
		DebugX86|Any CPU = DebugX86|Any CPU
		Release|Any CPU = Release|Any CPU
	EndGlobalSection
	GlobalSection(ProjectConfigurationPlatforms) = postSolution
		{61EB0F1B-58EC-48A8-8C67-8A3C1436FC22}.Debug|Any CPU.ActiveCfg = Debug|Any CPU
		{61EB0F1B-58EC-48A8-8C67-8A3C1436FC22}.Debug|Any CPU.Build.0 = Debug|Any CPU
		{61EB0F1B-58EC-48A8-8C67-8A3C1436FC22}.DebugX86|Any CPU.ActiveCfg = DebugX86|Any CPU
		{61EB0F1B-58EC-48A8-8C67-8A3C1436FC22}.DebugX86|Any CPU.Build.0 = DebugX86|Any CPU
		{61EB0F1B-58EC-48A8-8C67-8A3C1436FC22}.Release|Any CPU.ActiveCfg = Release|Any CPU
		{61EB0F1B-58EC-48A8-8C67-8A3C1436FC22}.Release|Any CPU.Build.0 = Release|Any CPU
		{A2C10DA0-DEA9-469F-9DBE-07203DF82870}.Debug|Any CPU.ActiveCfg = Debug|Any CPU
		{A2C10DA0-DEA9-469F-9DBE-07203DF82870}.Debug|Any CPU.Build.0 = Debug|Any CPU
		{A2C10DA0-DEA9-469F-9DBE-07203DF82870}.DebugX86|Any CPU.ActiveCfg = DebugX86|Any CPU
		{A2C10DA0-DEA9-469F-9DBE-07203DF82870}.DebugX86|Any CPU.Build.0 = DebugX86|Any CPU
		{A2C10DA0-DEA9-469F-9DBE-07203DF82870}.Release|Any CPU.ActiveCfg = Release|Any CPU
		{A2C10DA0-DEA9-469F-9DBE-07203DF82870}.Release|Any CPU.Build.0 = Release|Any CPU
	EndGlobalSection
	GlobalSection(SolutionProperties) = preSolution
		HideSolutionNode = FALSE
	EndGlobalSection
	GlobalSection(NestedProjects) = preSolution
		{61EB0F1B-58EC-48A8-8C67-8A3C1436FC22} = {A2270A78-0C12-46DB-8790-4A1B698C04C8}
		{A2C10DA0-DEA9-469F-9DBE-07203DF82870} = {3D23574F-A099-4C34-BF46-48A89F2A3120}
		{9180288B-0488-4F66-98EC-E2D73C141B2F} = {6E95ACC0-3C1A-433F-B1BD-3A498AC09695}
	EndGlobalSection
	GlobalSection(ExtensibilityGlobals) = postSolution
		SolutionGuid = {60F07A73-547D-492E-97CE-C10125FABD15}
	EndGlobalSection
EndGlobal
